
Microsoft Visual Studio Solution File, Format Version 12.00
# Visual Studio Version 17
VisualStudioVersion = 17.0.32002.185
MinimumVisualStudioVersion = 10.0.40219.1
Project("{FAE04EC0-301F-11D3-BF4B-00C04F79EFBC}") = "A17MMS", "A17MMS.csproj", "{E2A5D678-CE99-49C5-B80C-E232781890A1}"
EndProject
Global
	GlobalSection(SolutionConfigurationPlatforms) = preSolution
		Debug|Any CPU = Debug|Any CPU
		Release|Any CPU = Release|Any CPU
	EndGlobalSection
	GlobalSection(ProjectConfigurationPlatforms) = postSolution
		{E2A5D678-CE99-49C5-B80C-E232781890A1}.Debug|Any CPU.ActiveCfg = Debug|Any CPU
		{E2A5D678-CE99-49C5-B80C-E232781890A1}.Debug|Any CPU.Build.0 = Debug|Any CPU
		{E2A5D678-CE99-49C5-B80C-E232781890A1}.Release|Any CPU.ActiveCfg = Release|Any CPU
		{E2A5D678-CE99-49C5-B80C-E232781890A1}.Release|Any CPU.Build.0 = Release|Any CPU
	EndGlobalSection
	GlobalSection(SolutionProperties) = preSolution
		HideSolutionNode = FALSE
	EndGlobalSection
	GlobalSection(ExtensibilityGlobals) = postSolution
		SolutionGuid = {5BEE97A1-DD90-49C3-BE97-70186F87D9A5}
	EndGlobalSection
EndGlobal
